<?xml version="1.0" encoding="utf-8"?>
<Project ToolsVersion="4.0" xmlns="http://schemas.microsoft.com/developer/msbuild/2003">
  <ItemGroup>
    <Filter Include="Source Files">
      <UniqueIdentifier>{4FC737F1-C7A5-4376-A066-2A32D752A2FF}</UniqueIdentifier>
      <Extensions>c++;cpp;c;cc;cxx;def;odl;idl;hpj;bat;asm;asmx</Extensions>
      <ParseFiles>true</ParseFiles>
    </Filter>
    <Filter Include="Header Files">
      <UniqueIdentifier>{93995380-89BD-4b04-88EB-625FBE52EBFB}</UniqueIdentifier>
      <Extensions>h;hpp;hxx;hm;inl;inc;xsd</Extensions>
    </Filter>
    <Filter Include="Resource Files">
      <UniqueIdentifier>{67DA6AB6-F800-4c08-8B7A-83BB121AAD01}</UniqueIdentifier>
      <Extensions>rc;ico;cur;bmp;dlg;rc2;rct;bin;rgs;gif;jpg;jpeg;jpe;resx;tiff;tif;png;wav</Extensions>
    </Filter>
  </ItemGroup>
  <ItemGroup>
    <ClInclude Include="src\ColParser.h">
      <Filter>Header Files</Filter>
    </ClInclude>
    <ClInclude Include="src\dffread.h">
      <Filter>Header Files</Filter>
    </ClInclude>
    <ClInclude Include="src\dirutil.h">
      <Filter>Header Files</Filter>
    </ClInclude>
    <ClInclude Include="src\ideread.h">
      <Filter>Header Files</Filter>
    </ClInclude>
    <ClInclude Include="src\imgread.h">
      <Filter>Header Files</Filter>
    </ClInclude>
    <ClInclude Include="src\ios_util.h">
      <Filter>Header Files</Filter>
    </ClInclude>
    <ClInclude Include="src\iplread.h">
      <Filter>Header Files</Filter>
    </ClInclude>
    <ClInclude Include="src\tex_dups.h">
      <Filter>Header Files</Filter>
    </ClInclude>
    <ClInclude Include="src\txdread.h">
      <Filter>Header Files</Filter>
    </ClInclude>
  </ItemGroup>
  <ItemGroup>
    <ClCompile Include="src\txdread.cpp">
      <Filter>Source Files</Filter>
    </ClCompile>
    <ClCompile Include="src\ColParser.cpp">
      <Filter>Source Files</Filter>
    </ClCompile>
    <ClCompile Include="src\csvread.cpp">
      <Filter>Source Files</Filter>
    </ClCompile>
    <ClCompile Include="src\dffread.cpp">
      <Filter>Source Files</Filter>
    </ClCompile>
    <ClCompile Include="src\dirutil.cpp">
      <Filter>Source Files</Filter>
    </ClCompile>
    <ClCompile Include="src\extract.cpp">
      <Filter>Source Files</Filter>
    </ClCompile>
    <ClCompile Include="src\handling.cpp">
      <Filter>Source Files</Filter>
    </ClCompile>
    <ClCompile Include="src\ideread.cpp">
      <Filter>Source Files</Filter>
    </ClCompile>
    <ClCompile Include="src\ifpread.cpp">
      <Filter>Source Files</Filter>
    </ClCompile>
    <ClCompile Include="src\imgread.cpp">
      <Filter>Source Files</Filter>
    </ClCompile>
    <ClCompile Include="src\iplread.cpp">
      <Filter>Source Files</Filter>
    </ClCompile>
    <ClCompile Include="src\procobj.cpp">
      <Filter>Source Files</Filter>
    </ClCompile>
    <ClCompile Include="src\surfinfo.cpp">
      <Filter>Source Files</Filter>
    </ClCompile>
    <ClCompile Include="src\tex_dups.cpp">
      <Filter>Source Files</Filter>
    </ClCompile>
    <ClCompile Include="..\grit_core\src\physics\TColParser.cpp">
      <Filter>Source Files</Filter>
    </ClCompile>
    <ClCompile Include="..\grit_core\src\physics\BColParser.cpp">
      <Filter>Source Files</Filter>
    </ClCompile>
  </ItemGroup>
</Project>